
Microsoft Visual Studio Solution File, Format Version 12.00
# Visual Studio Version 17
VisualStudioVersion = 17.4.33213.308
MinimumVisualStudioVersion = 10.0.40219.1
Project("{9A19103F-16F7-4668-BE54-9A1E7A4F7556}") = "SampleTest", "ERM\SampleTest.csproj", "{204A8D00-CF82-40A9-982D-E419F896651C}"
EndProject
Global
	GlobalSection(SolutionConfigurationPlatforms) = preSolution
		Debug|Any CPU = Debug|Any CPU
		Release|Any CPU = Release|Any CPU
	EndGlobalSection
	GlobalSection(ProjectConfigurationPlatforms) = postSolution
		{204A8D00-CF82-40A9-982D-E419F896651C}.Debug|Any CPU.ActiveCfg = Debug|Any CPU
		{204A8D00-CF82-40A9-982D-E419F896651C}.Debug|Any CPU.Build.0 = Debug|Any CPU
		{204A8D00-CF82-40A9-982D-E419F896651C}.Release|Any CPU.ActiveCfg = Release|Any CPU
		{204A8D00-CF82-40A9-982D-E419F896651C}.Release|Any CPU.Build.0 = Release|Any CPU
	EndGlobalSection
	GlobalSection(SolutionProperties) = preSolution
		HideSolutionNode = FALSE
	EndGlobalSection
	GlobalSection(ExtensibilityGlobals) = postSolution
		SolutionGuid = {00FF54C7-96FC-4A8B-BA70-0E3D2B2D0EF4}
	EndGlobalSection
EndGlobal
